// !$*UTF8*$!
{
	archiveVersion = 1;
	classes = {
	};
	objectVersion = 55;
	objects = {

/* Begin PBXBuildFile section */
		6421676127891563006B5A84 /* WordDetailVC.swift in Sources */ = {isa = PBXBuildFile; fileRef = 6421676027891563006B5A84 /* WordDetailVC.swift */; };
		6421676327891909006B5A84 /* Words.swift in Sources */ = {isa = PBXBuildFile; fileRef = 6421676227891909006B5A84 /* Words.swift */; };
		644E4D87277C3B7300FC3C93 /* AppDelegate.swift in Sources */ = {isa = PBXBuildFile; fileRef = 644E4D86277C3B7300FC3C93 /* AppDelegate.swift */; };
		644E4D89277C3B7300FC3C93 /* SceneDelegate.swift in Sources */ = {isa = PBXBuildFile; fileRef = 644E4D88277C3B7300FC3C93 /* SceneDelegate.swift */; };
		644E4D8B277C3B7300FC3C93 /* ViewController.swift in Sources */ = {isa = PBXBuildFile; fileRef = 644E4D8A277C3B7300FC3C93 /* ViewController.swift */; };
		644E4D8E277C3B7300FC3C93 /* Main.storyboard in Resources */ = {isa = PBXBuildFile; fileRef = 644E4D8C277C3B7300FC3C93 /* Main.storyboard */; };
		644E4D90277C3B7500FC3C93 /* Assets.xcassets in Resources */ = {isa = PBXBuildFile; fileRef = 644E4D8F277C3B7500FC3C93 /* Assets.xcassets */; };
		644E4D93277C3B7500FC3C93 /* LaunchScreen.storyboard in Resources */ = {isa = PBXBuildFile; fileRef = 644E4D91277C3B7500FC3C93 /* LaunchScreen.storyboard */; };
		644E4D9E277C3B7500FC3C93 /* KelimeQuizTests.swift in Sources */ = {isa = PBXBuildFile; fileRef = 644E4D9D277C3B7500FC3C93 /* KelimeQuizTests.swift */; };
		644E4DA8277C3B7500FC3C93 /* KelimeQuizUITests.swift in Sources */ = {isa = PBXBuildFile; fileRef = 644E4DA7277C3B7500FC3C93 /* KelimeQuizUITests.swift */; };
		644E4DAA277C3B7500FC3C93 /* KelimeQuizUITestsLaunchTests.swift in Sources */ = {isa = PBXBuildFile; fileRef = 644E4DA9277C3B7500FC3C93 /* KelimeQuizUITestsLaunchTests.swift */; };
		6471FF842788683C0077F05E /* ListTableViewCell.swift in Sources */ = {isa = PBXBuildFile; fileRef = 6471FF832788683C0077F05E /* ListTableViewCell.swift */; };
		64B04458278AEBA7004E7698 /* MemorizedWordsVC.swift in Sources */ = {isa = PBXBuildFile; fileRef = 64B04457278AEBA7004E7698 /* MemorizedWordsVC.swift */; };
		64B0445A278AEEBD004E7698 /* MemorizedWordsTableViewCell.swift in Sources */ = {isa = PBXBuildFile; fileRef = 64B04459278AEEBD004E7698 /* MemorizedWordsTableViewCell.swift */; };
		64B0445C278AF085004E7698 /* MemorizedWordsDao.swift in Sources */ = {isa = PBXBuildFile; fileRef = 64B0445B278AF085004E7698 /* MemorizedWordsDao.swift */; };
		64D50D3227898596003C8505 /* libsqlite3.tbd in Frameworks */ = {isa = PBXBuildFile; fileRef = 64D50D312789858F003C8505 /* libsqlite3.tbd */; };
		64D50D40278985C2003C8505 /* FMDatabaseAdditions.m in Sources */ = {isa = PBXBuildFile; fileRef = 64D50D36278985C2003C8505 /* FMDatabaseAdditions.m */; };
		64D50D41278985C2003C8505 /* FMDatabasePool.m in Sources */ = {isa = PBXBuildFile; fileRef = 64D50D37278985C2003C8505 /* FMDatabasePool.m */; };
		64D50D42278985C2003C8505 /* FMResultSet.m in Sources */ = {isa = PBXBuildFile; fileRef = 64D50D39278985C2003C8505 /* FMResultSet.m */; };
		64D50D43278985C2003C8505 /* FMDatabase.m in Sources */ = {isa = PBXBuildFile; fileRef = 64D50D3C278985C2003C8505 /* FMDatabase.m */; };
		64D50D44278985C2003C8505 /* FMDatabaseQueue.m in Sources */ = {isa = PBXBuildFile; fileRef = 64D50D3D278985C2003C8505 /* FMDatabaseQueue.m */; };
		64D50D46278985E7003C8505 /* sozluk.sqlite in Resources */ = {isa = PBXBuildFile; fileRef = 64D50D45278985E7003C8505 /* sozluk.sqlite */; };
		64D50D4827898642003C8505 /* WordsDao.swift in Sources */ = {isa = PBXBuildFile; fileRef = 64D50D4727898642003C8505 /* WordsDao.swift */; };
		64E9DDAD278C032600D4F28B /* QuizVC.swift in Sources */ = {isa = PBXBuildFile; fileRef = 64E9DDAC278C032600D4F28B /* QuizVC.swift */; };
		64E9DDAF278C06DE00D4F28B /* QuizQuestionsVC.swift in Sources */ = {isa = PBXBuildFile; fileRef = 64E9DDAE278C06DE00D4F28B /* QuizQuestionsVC.swift */; };
/* End PBXBuildFile section */

/* Begin PBXContainerItemProxy section */
		644E4D9A277C3B7500FC3C93 /* PBXContainerItemProxy */ = {
			isa = PBXContainerItemProxy;
			containerPortal = 644E4D7B277C3B7300FC3C93 /* Project object */;
			proxyType = 1;
			remoteGlobalIDString = 644E4D82277C3B7300FC3C93;
			remoteInfo = KelimeQuiz;
		};
		644E4DA4277C3B7500FC3C93 /* PBXContainerItemProxy */ = {
			isa = PBXContainerItemProxy;
			containerPortal = 644E4D7B277C3B7300FC3C93 /* Project object */;
			proxyType = 1;
			remoteGlobalIDString = 644E4D82277C3B7300FC3C93;
			remoteInfo = KelimeQuiz;
		};
/* End PBXContainerItemProxy section */

/* Begin PBXFileReference section */
		6421676027891563006B5A84 /* WordDetailVC.swift */ = {isa = PBXFileReference; lastKnownFileType = sourcecode.swift; path = WordDetailVC.swift; sourceTree = "<group>"; };
		6421676227891909006B5A84 /* Words.swift */ = {isa = PBXFileReference; lastKnownFileType = sourcecode.swift; path = Words.swift; sourceTree = "<group>"; };
		644E4D83277C3B7300FC3C93 /* KelimeQuiz.app */ = {isa = PBXFileReference; explicitFileType = wrapper.application; includeInIndex = 0; path = KelimeQuiz.app; sourceTree = BUILT_PRODUCTS_DIR; };
		644E4D86277C3B7300FC3C93 /* AppDelegate.swift */ = {isa = PBXFileReference; lastKnownFileType = sourcecode.swift; path = AppDelegate.swift; sourceTree = "<group>"; };
		644E4D88277C3B7300FC3C93 /* SceneDelegate.swift */ = {isa = PBXFileReference; lastKnownFileType = sourcecode.swift; path = SceneDelegate.swift; sourceTree = "<group>"; };
		644E4D8A277C3B7300FC3C93 /* ViewController.swift */ = {isa = PBXFileReference; lastKnownFileType = sourcecode.swift; path = ViewController.swift; sourceTree = "<group>"; };
		644E4D8D277C3B7300FC3C93 /* Base */ = {isa = PBXFileReference; lastKnownFileType = file.storyboard; name = Base; path = Base.lproj/Main.storyboard; sourceTree = "<group>"; };
		644E4D8F277C3B7500FC3C93 /* Assets.xcassets */ = {isa = PBXFileReference; lastKnownFileType = folder.assetcatalog; path = Assets.xcassets; sourceTree = "<group>"; };
		644E4D92277C3B7500FC3C93 /* Base */ = {isa = PBXFileReference; lastKnownFileType = file.storyboard; name = Base; path = Base.lproj/LaunchScreen.storyboard; sourceTree = "<group>"; };
		644E4D94277C3B7500FC3C93 /* Info.plist */ = {isa = PBXFileReference; lastKnownFileType = text.plist.xml; path = Info.plist; sourceTree = "<group>"; };
		644E4D99277C3B7500FC3C93 /* KelimeQuizTests.xctest */ = {isa = PBXFileReference; explicitFileType = wrapper.cfbundle; includeInIndex = 0; path = KelimeQuizTests.xctest; sourceTree = BUILT_PRODUCTS_DIR; };
		644E4D9D277C3B7500FC3C93 /* KelimeQuizTests.swift */ = {isa = PBXFileReference; lastKnownFileType = sourcecode.swift; path = KelimeQuizTests.swift; sourceTree = "<group>"; };
		644E4DA3277C3B7500FC3C93 /* KelimeQuizUITests.xctest */ = {isa = PBXFileReference; explicitFileType = wrapper.cfbundle; includeInIndex = 0; path = KelimeQuizUITests.xctest; sourceTree = BUILT_PRODUCTS_DIR; };
		644E4DA7277C3B7500FC3C93 /* KelimeQuizUITests.swift */ = {isa = PBXFileReference; lastKnownFileType = sourcecode.swift; path = KelimeQuizUITests.swift; sourceTree = "<group>"; };
		644E4DA9277C3B7500FC3C93 /* KelimeQuizUITestsLaunchTests.swift */ = {isa = PBXFileReference; lastKnownFileType = sourcecode.swift; path = KelimeQuizUITestsLaunchTests.swift; sourceTree = "<group>"; };
		6471FF832788683C0077F05E /* ListTableViewCell.swift */ = {isa = PBXFileReference; lastKnownFileType = sourcecode.swift; path = ListTableViewCell.swift; sourceTree = "<group>"; };
		64B04457278AEBA7004E7698 /* MemorizedWordsVC.swift */ = {isa = PBXFileReference; lastKnownFileType = sourcecode.swift; path = MemorizedWordsVC.swift; sourceTree = "<group>"; };
		64B04459278AEEBD004E7698 /* MemorizedWordsTableViewCell.swift */ = {isa = PBXFileReference; lastKnownFileType = sourcecode.swift; path = MemorizedWordsTableViewCell.swift; sourceTree = "<group>"; };
		64B0445B278AF085004E7698 /* MemorizedWordsDao.swift */ = {isa = PBXFileReference; lastKnownFileType = sourcecode.swift; path = MemorizedWordsDao.swift; sourceTree = "<group>"; };
		64D50D312789858F003C8505 /* libsqlite3.tbd */ = {isa = PBXFileReference; lastKnownFileType = "sourcecode.text-based-dylib-definition"; name = libsqlite3.tbd; path = usr/lib/libsqlite3.tbd; sourceTree = SDKROOT; };
		64D50D34278985C1003C8505 /* KelimeQuiz-Bridging-Header.h */ = {isa = PBXFileReference; lastKnownFileType = sourcecode.c.h; path = "KelimeQuiz-Bridging-Header.h"; sourceTree = "<group>"; };
		64D50D35278985C2003C8505 /* FMDatabaseAdditions.h */ = {isa = PBXFileReference; fileEncoding = 4; lastKnownFileType = sourcecode.c.h; path = FMDatabaseAdditions.h; sourceTree = "<group>"; };
		64D50D36278985C2003C8505 /* FMDatabaseAdditions.m */ = {isa = PBXFileReference; fileEncoding = 4; lastKnownFileType = sourcecode.c.objc; path = FMDatabaseAdditions.m; sourceTree = "<group>"; };
		64D50D37278985C2003C8505 /* FMDatabasePool.m */ = {isa = PBXFileReference; fileEncoding = 4; lastKnownFileType = sourcecode.c.objc; path = FMDatabasePool.m; sourceTree = "<group>"; };
		64D50D38278985C2003C8505 /* FMDatabasePool.h */ = {isa = PBXFileReference; fileEncoding = 4; lastKnownFileType = sourcecode.c.h; path = FMDatabasePool.h; sourceTree = "<group>"; };
		64D50D39278985C2003C8505 /* FMResultSet.m */ = {isa = PBXFileReference; fileEncoding = 4; lastKnownFileType = sourcecode.c.objc; path = FMResultSet.m; sourceTree = "<group>"; };
		64D50D3A278985C2003C8505 /* FMDB.h */ = {isa = PBXFileReference; fileEncoding = 4; lastKnownFileType = sourcecode.c.h; path = FMDB.h; sourceTree = "<group>"; };
		64D50D3B278985C2003C8505 /* FMDatabase.h */ = {isa = PBXFileReference; fileEncoding = 4; lastKnownFileType = sourcecode.c.h; path = FMDatabase.h; sourceTree = "<group>"; };
		64D50D3C278985C2003C8505 /* FMDatabase.m */ = {isa = PBXFileReference; fileEncoding = 4; lastKnownFileType = sourcecode.c.objc; path = FMDatabase.m; sourceTree = "<group>"; };
		64D50D3D278985C2003C8505 /* FMDatabaseQueue.m */ = {isa = PBXFileReference; fileEncoding = 4; lastKnownFileType = sourcecode.c.objc; path = FMDatabaseQueue.m; sourceTree = "<group>"; };
		64D50D3E278985C2003C8505 /* FMDatabaseQueue.h */ = {isa = PBXFileReference; fileEncoding = 4; lastKnownFileType = sourcecode.c.h; path = FMDatabaseQueue.h; sourceTree = "<group>"; };
		64D50D3F278985C2003C8505 /* FMResultSet.h */ = {isa = PBXFileReference; fileEncoding = 4; lastKnownFileType = sourcecode.c.h; path = FMResultSet.h; sourceTree = "<group>"; };
		64D50D45278985E7003C8505 /* sozluk.sqlite */ = {isa = PBXFileReference; lastKnownFileType = file; path = sozluk.sqlite; sourceTree = "<group>"; };
		64D50D4727898642003C8505 /* WordsDao.swift */ = {isa = PBXFileReference; lastKnownFileType = sourcecode.swift; path = WordsDao.swift; sourceTree = "<group>"; };
		64E9DDAC278C032600D4F28B /* QuizVC.swift */ = {isa = PBXFileReference; lastKnownFileType = sourcecode.swift; path = QuizVC.swift; sourceTree = "<group>"; };
		64E9DDAE278C06DE00D4F28B /* QuizQuestionsVC.swift */ = {isa = PBXFileReference; lastKnownFileType = sourcecode.swift; path = QuizQuestionsVC.swift; sourceTree = "<group>"; };
/* End PBXFileReference section */

/* Begin PBXFrameworksBuildPhase section */
		644E4D80277C3B7300FC3C93 /* Frameworks */ = {
			isa = PBXFrameworksBuildPhase;
			buildActionMask = 2147483647;
			files = (
				64D50D3227898596003C8505 /* libsqlite3.tbd in Frameworks */,
			);
			runOnlyForDeploymentPostprocessing = 0;
		};
		644E4D96277C3B7500FC3C93 /* Frameworks */ = {
			isa = PBXFrameworksBuildPhase;
			buildActionMask = 2147483647;
			files = (
			);
			runOnlyForDeploymentPostprocessing = 0;
		};
		644E4DA0277C3B7500FC3C93 /* Frameworks */ = {
			isa = PBXFrameworksBuildPhase;
			buildActionMask = 2147483647;
			files = (
			);
			runOnlyForDeploymentPostprocessing = 0;
		};
/* End PBXFrameworksBuildPhase section */

/* Begin PBXGroup section */
		644E4D7A277C3B7300FC3C93 = {
			isa = PBXGroup;
			children = (
				644E4D85277C3B7300FC3C93 /* KelimeQuiz */,
				644E4D9C277C3B7500FC3C93 /* KelimeQuizTests */,
				644E4DA6277C3B7500FC3C93 /* KelimeQuizUITests */,
				644E4D84277C3B7300FC3C93 /* Products */,
				64D50D302789858F003C8505 /* Frameworks */,
			);
			sourceTree = "<group>";
		};
		644E4D84277C3B7300FC3C93 /* Products */ = {
			isa = PBXGroup;
			children = (
				644E4D83277C3B7300FC3C93 /* KelimeQuiz.app */,
				644E4D99277C3B7500FC3C93 /* KelimeQuizTests.xctest */,
				644E4DA3277C3B7500FC3C93 /* KelimeQuizUITests.xctest */,
			);
			name = Products;
			sourceTree = "<group>";
		};
		644E4D85277C3B7300FC3C93 /* KelimeQuiz */ = {
			isa = PBXGroup;
			children = (
				64D50D45278985E7003C8505 /* sozluk.sqlite */,
				644E4D8A277C3B7300FC3C93 /* ViewController.swift */,
				64B04457278AEBA7004E7698 /* MemorizedWordsVC.swift */,
				64E9DDAC278C032600D4F28B /* QuizVC.swift */,
				64E9DDAE278C06DE00D4F28B /* QuizQuestionsVC.swift */,
				64D50D33278985AC003C8505 /* FMDB */,
				6471FF7E278867210077F05E /* Cells */,
				644E4D86277C3B7300FC3C93 /* AppDelegate.swift */,
				644E4D88277C3B7300FC3C93 /* SceneDelegate.swift */,
				6421676227891909006B5A84 /* Words.swift */,
				6421676027891563006B5A84 /* WordDetailVC.swift */,
				64D50D4727898642003C8505 /* WordsDao.swift */,
				64B0445B278AF085004E7698 /* MemorizedWordsDao.swift */,
				644E4D8C277C3B7300FC3C93 /* Main.storyboard */,
				644E4D8F277C3B7500FC3C93 /* Assets.xcassets */,
				644E4D91277C3B7500FC3C93 /* LaunchScreen.storyboard */,
				644E4D94277C3B7500FC3C93 /* Info.plist */,
			);
			path = KelimeQuiz;
			sourceTree = "<group>";
		};
		644E4D9C277C3B7500FC3C93 /* KelimeQuizTests */ = {
			isa = PBXGroup;
			children = (
				644E4D9D277C3B7500FC3C93 /* KelimeQuizTests.swift */,
			);
			path = KelimeQuizTests;
			sourceTree = "<group>";
		};
		644E4DA6277C3B7500FC3C93 /* KelimeQuizUITests */ = {
			isa = PBXGroup;
			children = (
				644E4DA7277C3B7500FC3C93 /* KelimeQuizUITests.swift */,
				644E4DA9277C3B7500FC3C93 /* KelimeQuizUITestsLaunchTests.swift */,
			);
			path = KelimeQuizUITests;
			sourceTree = "<group>";
		};
		6471FF7E278867210077F05E /* Cells */ = {
			isa = PBXGroup;
			children = (
				6471FF832788683C0077F05E /* ListTableViewCell.swift */,
				64B04459278AEEBD004E7698 /* MemorizedWordsTableViewCell.swift */,
			);
			path = Cells;
			sourceTree = "<group>";
		};
		64D50D302789858F003C8505 /* Frameworks */ = {
			isa = PBXGroup;
			children = (
				64D50D312789858F003C8505 /* libsqlite3.tbd */,
			);
			name = Frameworks;
			sourceTree = "<group>";
		};
		64D50D33278985AC003C8505 /* FMDB */ = {
			isa = PBXGroup;
			children = (
				64D50D3B278985C2003C8505 /* FMDatabase.h */,
				64D50D3C278985C2003C8505 /* FMDatabase.m */,
				64D50D35278985C2003C8505 /* FMDatabaseAdditions.h */,
				64D50D36278985C2003C8505 /* FMDatabaseAdditions.m */,
				64D50D38278985C2003C8505 /* FMDatabasePool.h */,
				64D50D37278985C2003C8505 /* FMDatabasePool.m */,
				64D50D3E278985C2003C8505 /* FMDatabaseQueue.h */,
				64D50D3D278985C2003C8505 /* FMDatabaseQueue.m */,
				64D50D3A278985C2003C8505 /* FMDB.h */,
				64D50D3F278985C2003C8505 /* FMResultSet.h */,
				64D50D39278985C2003C8505 /* FMResultSet.m */,
				64D50D34278985C1003C8505 /* KelimeQuiz-Bridging-Header.h */,
			);
			path = FMDB;
			sourceTree = "<group>";
		};
/* End PBXGroup section */

/* Begin PBXNativeTarget section */
		644E4D82277C3B7300FC3C93 /* KelimeQuiz */ = {
			isa = PBXNativeTarget;
			buildConfigurationList = 644E4DAD277C3B7500FC3C93 /* Build configuration list for PBXNativeTarget "KelimeQuiz" */;
			buildPhases = (
				644E4D7F277C3B7300FC3C93 /* Sources */,
				644E4D80277C3B7300FC3C93 /* Frameworks */,
				644E4D81277C3B7300FC3C93 /* Resources */,
			);
			buildRules = (
			);
			dependencies = (
			);
			name = KelimeQuiz;
			productName = KelimeQuiz;
			productReference = 644E4D83277C3B7300FC3C93 /* KelimeQuiz.app */;
			productType = "com.apple.product-type.application";
		};
		644E4D98277C3B7500FC3C93 /* KelimeQuizTests */ = {
			isa = PBXNativeTarget;
			buildConfigurationList = 644E4DB0277C3B7500FC3C93 /* Build configuration list for PBXNativeTarget "KelimeQuizTests" */;
			buildPhases = (
				644E4D95277C3B7500FC3C93 /* Sources */,
				644E4D96277C3B7500FC3C93 /* Frameworks */,
				644E4D97277C3B7500FC3C93 /* Resources */,
			);
			buildRules = (
			);
			dependencies = (
				644E4D9B277C3B7500FC3C93 /* PBXTargetDependency */,
			);
			name = KelimeQuizTests;
			productName = KelimeQuizTests;
			productReference = 644E4D99277C3B7500FC3C93 /* KelimeQuizTests.xctest */;
			productType = "com.apple.product-type.bundle.unit-test";
		};
		644E4DA2277C3B7500FC3C93 /* KelimeQuizUITests */ = {
			isa = PBXNativeTarget;
			buildConfigurationList = 644E4DB3277C3B7500FC3C93 /* Build configuration list for PBXNativeTarget "KelimeQuizUITests" */;
			buildPhases = (
				644E4D9F277C3B7500FC3C93 /* Sources */,
				644E4DA0277C3B7500FC3C93 /* Frameworks */,
				644E4DA1277C3B7500FC3C93 /* Resources */,
			);
			buildRules = (
			);
			dependencies = (
				644E4DA5277C3B7500FC3C93 /* PBXTargetDependency */,
			);
			name = KelimeQuizUITests;
			productName = KelimeQuizUITests;
			productReference = 644E4DA3277C3B7500FC3C93 /* KelimeQuizUITests.xctest */;
			productType = "com.apple.product-type.bundle.ui-testing";
		};
/* End PBXNativeTarget section */

/* Begin PBXProject section */
		644E4D7B277C3B7300FC3C93 /* Project object */ = {
			isa = PBXProject;
			attributes = {
				BuildIndependentTargetsInParallel = 1;
				LastSwiftUpdateCheck = 1320;
				LastUpgradeCheck = 1320;
				TargetAttributes = {
					644E4D82277C3B7300FC3C93 = {
						CreatedOnToolsVersion = 13.2;
						LastSwiftMigration = 1320;
					};
					644E4D98277C3B7500FC3C93 = {
						CreatedOnToolsVersion = 13.2;
						TestTargetID = 644E4D82277C3B7300FC3C93;
					};
					644E4DA2277C3B7500FC3C93 = {
						CreatedOnToolsVersion = 13.2;
						TestTargetID = 644E4D82277C3B7300FC3C93;
					};
				};
			};
			buildConfigurationList = 644E4D7E277C3B7300FC3C93 /* Build configuration list for PBXProject "KelimeQuiz" */;
			compatibilityVersion = "Xcode 13.0";
			developmentRegion = en;
			hasScannedForEncodings = 0;
			knownRegions = (
				en,
				Base,
			);
			mainGroup = 644E4D7A277C3B7300FC3C93;
			productRefGroup = 644E4D84277C3B7300FC3C93 /* Products */;
			projectDirPath = "";
			projectRoot = "";
			targets = (
				644E4D82277C3B7300FC3C93 /* KelimeQuiz */,
				644E4D98277C3B7500FC3C93 /* KelimeQuizTests */,
				644E4DA2277C3B7500FC3C93 /* KelimeQuizUITests */,
			);
		};
/* End PBXProject section */

/* Begin PBXResourcesBuildPhase section */
		644E4D81277C3B7300FC3C93 /* Resources */ = {
			isa = PBXResourcesBuildPhase;
			buildActionMask = 2147483647;
			files = (
				644E4D93277C3B7500FC3C93 /* LaunchScreen.storyboard in Resources */,
				64D50D46278985E7003C8505 /* sozluk.sqlite in Resources */,
				644E4D90277C3B7500FC3C93 /* Assets.xcassets in Resources */,
				644E4D8E277C3B7300FC3C93 /* Main.storyboard in Resources */,
			);
			runOnlyForDeploymentPostprocessing = 0;
		};
		644E4D97277C3B7500FC3C93 /* Resources */ = {
			isa = PBXResourcesBuildPhase;
			buildActionMask = 2147483647;
			files = (
			);
			runOnlyForDeploymentPostprocessing = 0;
		};
		644E4DA1277C3B7500FC3C93 /* Resources */ = {
			isa = PBXResourcesBuildPhase;
			buildActionMask = 2147483647;
			files = (
			);
			runOnlyForDeploymentPostprocessing = 0;
		};
/* End PBXResourcesBuildPhase section */

/* Begin PBXSourcesBuildPhase section */
		644E4D7F277C3B7300FC3C93 /* Sources */ = {
			isa = PBXSourcesBuildPhase;
			buildActionMask = 2147483647;
			files = (
				64E9DDAF278C06DE00D4F28B /* QuizQuestionsVC.swift in Sources */,
				644E4D8B277C3B7300FC3C93 /* ViewController.swift in Sources */,
				6421676127891563006B5A84 /* WordDetailVC.swift in Sources */,
				6471FF842788683C0077F05E /* ListTableViewCell.swift in Sources */,
				64D50D43278985C2003C8505 /* FMDatabase.m in Sources */,
				64B0445A278AEEBD004E7698 /* MemorizedWordsTableViewCell.swift in Sources */,
				6421676327891909006B5A84 /* Words.swift in Sources */,
				644E4D87277C3B7300FC3C93 /* AppDelegate.swift in Sources */,
				64D50D41278985C2003C8505 /* FMDatabasePool.m in Sources */,
				64D50D42278985C2003C8505 /* FMResultSet.m in Sources */,
				64E9DDAD278C032600D4F28B /* QuizVC.swift in Sources */,
				64B04458278AEBA7004E7698 /* MemorizedWordsVC.swift in Sources */,
				64D50D4827898642003C8505 /* WordsDao.swift in Sources */,
				64D50D44278985C2003C8505 /* FMDatabaseQueue.m in Sources */,
				64D50D40278985C2003C8505 /* FMDatabaseAdditions.m in Sources */,
				64B0445C278AF085004E7698 /* MemorizedWordsDao.swift in Sources */,
				644E4D89277C3B7300FC3C93 /* SceneDelegate.swift in Sources */,
			);
			runOnlyForDeploymentPostprocessing = 0;
		};
		644E4D95277C3B7500FC3C93 /* Sources */ = {
			isa = PBXSourcesBuildPhase;
			buildActionMask = 2147483647;
			files = (
				644E4D9E277C3B7500FC3C93 /* KelimeQuizTests.swift in Sources */,
			);
			runOnlyForDeploymentPostprocessing = 0;
		};
		644E4D9F277C3B7500FC3C93 /* Sources */ = {
			isa = PBXSourcesBuildPhase;
			buildActionMask = 2147483647;
			files = (
				644E4DAA277C3B7500FC3C93 /* KelimeQuizUITestsLaunchTests.swift in Sources */,
				644E4DA8277C3B7500FC3C93 /* KelimeQuizUITests.swift in Sources */,
			);
			runOnlyForDeploymentPostprocessing = 0;
		};
/* End PBXSourcesBuildPhase section */

/* Begin PBXTargetDependency section */
		644E4D9B277C3B7500FC3C93 /* PBXTargetDependency */ = {
			isa = PBXTargetDependency;
			target = 644E4D82277C3B7300FC3C93 /* KelimeQuiz */;
			targetProxy = 644E4D9A277C3B7500FC3C93 /* PBXContainerItemProxy */;
		};
		644E4DA5277C3B7500FC3C93 /* PBXTargetDependency */ = {
			isa = PBXTargetDependency;
			target = 644E4D82277C3B7300FC3C93 /* KelimeQuiz */;
			targetProxy = 644E4DA4277C3B7500FC3C93 /* PBXContainerItemProxy */;
		};
/* End PBXTargetDependency section */

/* Begin PBXVariantGroup section */
		644E4D8C277C3B7300FC3C93 /* Main.storyboard */ = {
			isa = PBXVariantGroup;
			children = (
				644E4D8D277C3B7300FC3C93 /* Base */,
			);
			name = Main.storyboard;
			sourceTree = "<group>";
		};
		644E4D91277C3B7500FC3C93 /* LaunchScreen.storyboard */ = {
			isa = PBXVariantGroup;
			children = (
				644E4D92277C3B7500FC3C93 /* Base */,
			);
			name = LaunchScreen.storyboard;
			sourceTree = "<group>";
		};
/* End PBXVariantGroup section */

/* Begin XCBuildConfiguration section */
		644E4DAB277C3B7500FC3C93 /* Debug */ = {
			isa = XCBuildConfiguration;
			buildSettings = {
				ALWAYS_SEARCH_USER_PATHS = NO;
				CLANG_ANALYZER_NONNULL = YES;
				CLANG_ANALYZER_NUMBER_OBJECT_CONVERSION = YES_AGGRESSIVE;
				CLANG_CXX_LANGUAGE_STANDARD = "gnu++17";
				CLANG_CXX_LIBRARY = "libc++";
				CLANG_ENABLE_MODULES = YES;
				CLANG_ENABLE_OBJC_ARC = YES;
				CLANG_ENABLE_OBJC_WEAK = YES;
				CLANG_WARN_BLOCK_CAPTURE_AUTORELEASING = YES;
				CLANG_WARN_BOOL_CONVERSION = YES;
				CLANG_WARN_COMMA = YES;
				CLANG_WARN_CONSTANT_CONVERSION = YES;
				CLANG_WARN_DEPRECATED_OBJC_IMPLEMENTATIONS = YES;
				CLANG_WARN_DIRECT_OBJC_ISA_USAGE = YES_ERROR;
				CLANG_WARN_DOCUMENTATION_COMMENTS = YES;
				CLANG_WARN_EMPTY_BODY = YES;
				CLANG_WARN_ENUM_CONVERSION = YES;
				CLANG_WARN_INFINITE_RECURSION = YES;
				CLANG_WARN_INT_CONVERSION = YES;
				CLANG_WARN_NON_LITERAL_NULL_CONVERSION = YES;
				CLANG_WARN_OBJC_IMPLICIT_RETAIN_SELF = YES;
				CLANG_WARN_OBJC_LITERAL_CONVERSION = YES;
				CLANG_WARN_OBJC_ROOT_CLASS = YES_ERROR;
				CLANG_WARN_QUOTED_INCLUDE_IN_FRAMEWORK_HEADER = YES;
				CLANG_WARN_RANGE_LOOP_ANALYSIS = YES;
				CLANG_WARN_STRICT_PROTOTYPES = YES;
				CLANG_WARN_SUSPICIOUS_MOVE = YES;
				CLANG_WARN_UNGUARDED_AVAILABILITY = YES_AGGRESSIVE;
				CLANG_WARN_UNREACHABLE_CODE = YES;
				CLANG_WARN__DUPLICATE_METHOD_MATCH = YES;
				COPY_PHASE_STRIP = NO;
				DEBUG_INFORMATION_FORMAT = dwarf;
				ENABLE_STRICT_OBJC_MSGSEND = YES;
				ENABLE_TESTABILITY = YES;
				GCC_C_LANGUAGE_STANDARD = gnu11;
				GCC_DYNAMIC_NO_PIC = NO;
				GCC_NO_COMMON_BLOCKS = YES;
				GCC_OPTIMIZATION_LEVEL = 0;
				GCC_PREPROCESSOR_DEFINITIONS = (
					"DEBUG=1",
					"$(inherited)",
				);
				GCC_WARN_64_TO_32_BIT_CONVERSION = YES;
				GCC_WARN_ABOUT_RETURN_TYPE = YES_ERROR;
				GCC_WARN_UNDECLARED_SELECTOR = YES;
				GCC_WARN_UNINITIALIZED_AUTOS = YES_AGGRESSIVE;
				GCC_WARN_UNUSED_FUNCTION = YES;
				GCC_WARN_UNUSED_VARIABLE = YES;
				IPHONEOS_DEPLOYMENT_TARGET = 15.2;
				MTL_ENABLE_DEBUG_INFO = INCLUDE_SOURCE;
				MTL_FAST_MATH = YES;
				ONLY_ACTIVE_ARCH = YES;
				SDKROOT = iphoneos;
				SWIFT_ACTIVE_COMPILATION_CONDITIONS = DEBUG;
				SWIFT_OPTIMIZATION_LEVEL = "-Onone";
			};
			name = Debug;
		};
		644E4DAC277C3B7500FC3C93 /* Release */ = {
			isa = XCBuildConfiguration;
			buildSettings = {
				ALWAYS_SEARCH_USER_PATHS = NO;
				CLANG_ANALYZER_NONNULL = YES;
				CLANG_ANALYZER_NUMBER_OBJECT_CONVERSION = YES_AGGRESSIVE;
				CLANG_CXX_LANGUAGE_STANDARD = "gnu++17";
				CLANG_CXX_LIBRARY = "libc++";
				CLANG_ENABLE_MODULES = YES;
				CLANG_ENABLE_OBJC_ARC = YES;
				CLANG_ENABLE_OBJC_WEAK = YES;
				CLANG_WARN_BLOCK_CAPTURE_AUTORELEASING = YES;
				CLANG_WARN_BOOL_CONVERSION = YES;
				CLANG_WARN_COMMA = YES;
				CLANG_WARN_CONSTANT_CONVERSION = YES;
				CLANG_WARN_DEPRECATED_OBJC_IMPLEMENTATIONS = YES;
				CLANG_WARN_DIRECT_OBJC_ISA_USAGE = YES_ERROR;
				CLANG_WARN_DOCUMENTATION_COMMENTS = YES;
				CLANG_WARN_EMPTY_BODY = YES;
				CLANG_WARN_ENUM_CONVERSION = YES;
				CLANG_WARN_INFINITE_RECURSION = YES;
				CLANG_WARN_INT_CONVERSION = YES;
				CLANG_WARN_NON_LITERAL_NULL_CONVERSION = YES;
				CLANG_WARN_OBJC_IMPLICIT_RETAIN_SELF = YES;
				CLANG_WARN_OBJC_LITERAL_CONVERSION = YES;
				CLANG_WARN_OBJC_ROOT_CLASS = YES_ERROR;
				CLANG_WARN_QUOTED_INCLUDE_IN_FRAMEWORK_HEADER = YES;
				CLANG_WARN_RANGE_LOOP_ANALYSIS = YES;
				CLANG_WARN_STRICT_PROTOTYPES = YES;
				CLANG_WARN_SUSPICIOUS_MOVE = YES;
				CLANG_WARN_UNGUARDED_AVAILABILITY = YES_AGGRESSIVE;
				CLANG_WARN_UNREACHABLE_CODE = YES;
				CLANG_WARN__DUPLICATE_METHOD_MATCH = YES;
				COPY_PHASE_STRIP = NO;
				DEBUG_INFORMATION_FORMAT = "dwarf-with-dsym";
				ENABLE_NS_ASSERTIONS = NO;
				ENABLE_STRICT_OBJC_MSGSEND = YES;
				GCC_C_LANGUAGE_STANDARD = gnu11;
				GCC_NO_COMMON_BLOCKS = YES;
				GCC_WARN_64_TO_32_BIT_CONVERSION = YES;
				GCC_WARN_ABOUT_RETURN_TYPE = YES_ERROR;
				GCC_WARN_UNDECLARED_SELECTOR = YES;
				GCC_WARN_UNINITIALIZED_AUTOS = YES_AGGRESSIVE;
				GCC_WARN_UNUSED_FUNCTION = YES;
				GCC_WARN_UNUSED_VARIABLE = YES;
				IPHONEOS_DEPLOYMENT_TARGET = 15.2;
				MTL_ENABLE_DEBUG_INFO = NO;
				MTL_FAST_MATH = YES;
				SDKROOT = iphoneos;
				SWIFT_COMPILATION_MODE = wholemodule;
				SWIFT_OPTIMIZATION_LEVEL = "-O";
				VALIDATE_PRODUCT = YES;
			};
			name = Release;
		};
		644E4DAE277C3B7500FC3C93 /* Debug */ = {
			isa = XCBuildConfiguration;
			buildSettings = {
				ASSETCATALOG_COMPILER_APPICON_NAME = AppIcon;
				ASSETCATALOG_COMPILER_GLOBAL_ACCENT_COLOR_NAME = AccentColor;
				CLANG_ENABLE_MODULES = YES;
				CODE_SIGN_STYLE = Automatic;
				CURRENT_PROJECT_VERSION = 1;
				DEVELOPMENT_TEAM = B3H6X5FVJQ;
				GENERATE_INFOPLIST_FILE = YES;
				INFOPLIST_FILE = KelimeQuiz/Info.plist;
				INFOPLIST_KEY_UIApplicationSupportsIndirectInputEvents = YES;
				INFOPLIST_KEY_UILaunchStoryboardName = LaunchScreen;
				INFOPLIST_KEY_UIMainStoryboardFile = Main;
				INFOPLIST_KEY_UISupportedInterfaceOrientations_iPad = "UIInterfaceOrientationPortrait UIInterfaceOrientationPortraitUpsideDown UIInterfaceOrientationLandscapeLeft UIInterfaceOrientationLandscapeRight";
				INFOPLIST_KEY_UISupportedInterfaceOrientations_iPhone = "UIInterfaceOrientationPortrait UIInterfaceOrientationLandscapeLeft UIInterfaceOrientationLandscapeRight";
				LD_RUNPATH_SEARCH_PATHS = (
					"$(inherited)",
					"@executable_path/Frameworks",
				);
				MARKETING_VERSION = 1.0;
				PRODUCT_BUNDLE_IDENTIFIER = info.KelimeQuiz;
				PRODUCT_NAME = "$(TARGET_NAME)";
				SWIFT_EMIT_LOC_STRINGS = YES;
				SWIFT_OBJC_BRIDGING_HEADER = "KelimeQuiz/FMDB/KelimeQuiz-Bridging-Header.h";
				SWIFT_OPTIMIZATION_LEVEL = "-Onone";
				SWIFT_VERSION = 5.0;
				TARGETED_DEVICE_FAMILY = "1,2";
			};
			name = Debug;
		};
		644E4DAF277C3B7500FC3C93 /* Release */ = {
			isa = XCBuildConfiguration;
			buildSettings = {
				ASSETCATALOG_COMPILER_APPICON_NAME = AppIcon;
				ASSETCATALOG_COMPILER_GLOBAL_ACCENT_COLOR_NAME = AccentColor;
				CLANG_ENABLE_MODULES = YES;
				CODE_SIGN_STYLE = Automatic;
				CURRENT_PROJECT_VERSION = 1;
				DEVELOPMENT_TEAM = B3H6X5FVJQ;
				GENERATE_INFOPLIST_FILE = YES;
				INFOPLIST_FILE = KelimeQuiz/Info.plist;
				INFOPLIST_KEY_UIApplicationSupportsIndirectInputEvents = YES;
				INFOPLIST_KEY_UILaunchStoryboardName = LaunchScreen;
				INFOPLIST_KEY_UIMainStoryboardFile = Main;
				INFOPLIST_KEY_UISupportedInterfaceOrientations_iPad = "UIInterfaceOrientationPortrait UIInterfaceOrientationPortraitUpsideDown UIInterfaceOrientationLandscapeLeft UIInterfaceOrientationLandscapeRight";
				INFOPLIST_KEY_UISupportedInterfaceOrientations_iPhone = "UIInterfaceOrientationPortrait UIInterfaceOrientationLandscapeLeft UIInterfaceOrientationLandscapeRight";
				LD_RUNPATH_SEARCH_PATHS = (
					"$(inherited)",
					"@executable_path/Frameworks",
				);
				MARKETING_VERSION = 1.0;
				PRODUCT_BUNDLE_IDENTIFIER = info.KelimeQuiz;
				PRODUCT_NAME = "$(TARGET_NAME)";
				SWIFT_EMIT_LOC_STRINGS = YES;
				SWIFT_OBJC_BRIDGING_HEADER = "KelimeQuiz/FMDB/KelimeQuiz-Bridging-Header.h";
				SWIFT_VERSION = 5.0;
				TARGETED_DEVICE_FAMILY = "1,2";
			};
			name = Release;
		};
		644E4DB1277C3B7500FC3C93 /* Debug */ = {
			isa = XCBuildConfiguration;
			buildSettings = {
				ALWAYS_EMBED_SWIFT_STANDARD_LIBRARIES = YES;
				BUNDLE_LOADER = "$(TEST_HOST)";
				CODE_SIGN_STYLE = Automatic;
				CURRENT_PROJECT_VERSION = 1;
				DEVELOPMENT_TEAM = B3H6X5FVJQ;
				GENERATE_INFOPLIST_FILE = YES;
				IPHONEOS_DEPLOYMENT_TARGET = 15.2;
				MARKETING_VERSION = 1.0;
				PRODUCT_BUNDLE_IDENTIFIER = info.KelimeQuizTests;
				PRODUCT_NAME = "$(TARGET_NAME)";
				SWIFT_EMIT_LOC_STRINGS = NO;
				SWIFT_VERSION = 5.0;
				TARGETED_DEVICE_FAMILY = "1,2";
				TEST_HOST = "$(BUILT_PRODUCTS_DIR)/KelimeQuiz.app/KelimeQuiz";
			};
			name = Debug;
		};
		644E4DB2277C3B7500FC3C93 /* Release */ = {
			isa = XCBuildConfiguration;
			buildSettings = {
				ALWAYS_EMBED_SWIFT_STANDARD_LIBRARIES = YES;
				BUNDLE_LOADER = "$(TEST_HOST)";
				CODE_SIGN_STYLE = Automatic;
				CURRENT_PROJECT_VERSION = 1;
				DEVELOPMENT_TEAM = B3H6X5FVJQ;
				GENERATE_INFOPLIST_FILE = YES;
				IPHONEOS_DEPLOYMENT_TARGET = 15.2;
				MARKETING_VERSION = 1.0;
				PRODUCT_BUNDLE_IDENTIFIER = info.KelimeQuizTests;
				PRODUCT_NAME = "$(TARGET_NAME)";
				SWIFT_EMIT_LOC_STRINGS = NO;
				SWIFT_VERSION = 5.0;
				TARGETED_DEVICE_FAMILY = "1,2";
				TEST_HOST = "$(BUILT_PRODUCTS_DIR)/KelimeQuiz.app/KelimeQuiz";
			};
			name = Release;
		};
		644E4DB4277C3B7500FC3C93 /* Debug */ = {
			isa = XCBuildConfiguration;
			buildSettings = {
				ALWAYS_EMBED_SWIFT_STANDARD_LIBRARIES = YES;
				CODE_SIGN_STYLE = Automatic;
				CURRENT_PROJECT_VERSION = 1;
				DEVELOPMENT_TEAM = B3H6X5FVJQ;
				GENERATE_INFOPLIST_FILE = YES;
				MARKETING_VERSION = 1.0;
				PRODUCT_BUNDLE_IDENTIFIER = info.KelimeQuizUITests;
				PRODUCT_NAME = "$(TARGET_NAME)";
				SWIFT_EMIT_LOC_STRINGS = NO;
				SWIFT_VERSION = 5.0;
				TARGETED_DEVICE_FAMILY = "1,2";
				TEST_TARGET_NAME = KelimeQuiz;
			};
			name = Debug;
		};
		644E4DB5277C3B7500FC3C93 /* Release */ = {
			isa = XCBuildConfiguration;
			buildSettings = {
				ALWAYS_EMBED_SWIFT_STANDARD_LIBRARIES = YES;
				CODE_SIGN_STYLE = Automatic;
				CURRENT_PROJECT_VERSION = 1;
				DEVELOPMENT_TEAM = B3H6X5FVJQ;
				GENERATE_INFOPLIST_FILE = YES;
				MARKETING_VERSION = 1.0;
				PRODUCT_BUNDLE_IDENTIFIER = info.KelimeQuizUITests;
				PRODUCT_NAME = "$(TARGET_NAME)";
				SWIFT_EMIT_LOC_STRINGS = NO;
				SWIFT_VERSION = 5.0;
				TARGETED_DEVICE_FAMILY = "1,2";
				TEST_TARGET_NAME = KelimeQuiz;
			};
			name = Release;
		};
/* End XCBuildConfiguration section */

/* Begin XCConfigurationList section */
		644E4D7E277C3B7300FC3C93 /* Build configuration list for PBXProject "KelimeQuiz" */ = {
			isa = XCConfigurationList;
			buildConfigurations = (
				644E4DAB277C3B7500FC3C93 /* Debug */,
				644E4DAC277C3B7500FC3C93 /* Release */,
			);
			defaultConfigurationIsVisible = 0;
			defaultConfigurationName = Release;
		};
		644E4DAD277C3B7500FC3C93 /* Build configuration list for PBXNativeTarget "KelimeQuiz" */ = {
			isa = XCConfigurationList;
			buildConfigurations = (
				644E4DAE277C3B7500FC3C93 /* Debug */,
				644E4DAF277C3B7500FC3C93 /* Release */,
			);
			defaultConfigurationIsVisible = 0;
			defaultConfigurationName = Release;
		};
		644E4DB0277C3B7500FC3C93 /* Build configuration list for PBXNativeTarget "KelimeQuizTests" */ = {
			isa = XCConfigurationList;
			buildConfigurations = (
				644E4DB1277C3B7500FC3C93 /* Debug */,
				644E4DB2277C3B7500FC3C93 /* Release */,
			);
			defaultConfigurationIsVisible = 0;
			defaultConfigurationName = Release;
		};
		644E4DB3277C3B7500FC3C93 /* Build configuration list for PBXNativeTarget "KelimeQuizUITests" */ = {
			isa = XCConfigurationList;
			buildConfigurations = (
				644E4DB4277C3B7500FC3C93 /* Debug */,
				644E4DB5277C3B7500FC3C93 /* Release */,
			);
			defaultConfigurationIsVisible = 0;
			defaultConfigurationName = Release;
		};
/* End XCConfigurationList section */
	};
	rootObject = 644E4D7B277C3B7300FC3C93 /* Project object */;
}
